
Microsoft Visual Studio Solution File, Format Version 12.00
# Visual Studio Version 16
VisualStudioVersion = 16.0.32228.343
MinimumVisualStudioVersion = 10.0.40219.1
Project("{9A19103F-16F7-4668-BE54-9A1E7A4F7556}") = "DataAccess", "DataAccess\DataAccess.csproj", "{00506919-90FB-46ED-910B-04460DAA2799}"
EndProject
Project("{9A19103F-16F7-4668-BE54-9A1E7A4F7556}") = "Business", "Business\Business.csproj", "{DC8EA8F3-2DD7-4832-996C-EDB1201ABF4B}"
EndProject
Project("{9A19103F-16F7-4668-BE54-9A1E7A4F7556}") = "Entities", "Entities\Entities.csproj", "{FED54A1D-AFA4-4E08-B7D9-6321CD870E57}"
EndProject
Project("{9A19103F-16F7-4668-BE54-9A1E7A4F7556}") = "ConsoleUI", "ConsoleUI\ConsoleUI.csproj", "{630AC272-634F-4577-BF83-86838BE5CDCB}"
EndProject
Project("{9A19103F-16F7-4668-BE54-9A1E7A4F7556}") = "Core", "Core\Core.csproj", "{2E260336-C8E1-44F7-ACEE-879D464B62C4}"
EndProject
Project("{FAE04EC0-301F-11D3-BF4B-00C04F79EFBC}") = "WebAPI", "WebAPI\WebAPI.csproj", "{30C5CB3C-EA72-4604-8E78-298BD962096A}"
EndProject
Global
	GlobalSection(SolutionConfigurationPlatforms) = preSolution
		Debug|Any CPU = Debug|Any CPU
		Release|Any CPU = Release|Any CPU
	EndGlobalSection
	GlobalSection(ProjectConfigurationPlatforms) = postSolution
		{00506919-90FB-46ED-910B-04460DAA2799}.Debug|Any CPU.ActiveCfg = Debug|Any CPU
		{00506919-90FB-46ED-910B-04460DAA2799}.Debug|Any CPU.Build.0 = Debug|Any CPU
		{00506919-90FB-46ED-910B-04460DAA2799}.Release|Any CPU.ActiveCfg = Release|Any CPU
		{00506919-90FB-46ED-910B-04460DAA2799}.Release|Any CPU.Build.0 = Release|Any CPU
		{DC8EA8F3-2DD7-4832-996C-EDB1201ABF4B}.Debug|Any CPU.ActiveCfg = Debug|Any CPU
		{DC8EA8F3-2DD7-4832-996C-EDB1201ABF4B}.Debug|Any CPU.Build.0 = Debug|Any CPU
		{DC8EA8F3-2DD7-4832-996C-EDB1201ABF4B}.Release|Any CPU.ActiveCfg = Release|Any CPU
		{DC8EA8F3-2DD7-4832-996C-EDB1201ABF4B}.Release|Any CPU.Build.0 = Release|Any CPU
		{FED54A1D-AFA4-4E08-B7D9-6321CD870E57}.Debug|Any CPU.ActiveCfg = Debug|Any CPU
		{FED54A1D-AFA4-4E08-B7D9-6321CD870E57}.Debug|Any CPU.Build.0 = Debug|Any CPU
		{FED54A1D-AFA4-4E08-B7D9-6321CD870E57}.Release|Any CPU.ActiveCfg = Release|Any CPU
		{FED54A1D-AFA4-4E08-B7D9-6321CD870E57}.Release|Any CPU.Build.0 = Release|Any CPU
		{630AC272-634F-4577-BF83-86838BE5CDCB}.Debug|Any CPU.ActiveCfg = Debug|Any CPU
		{630AC272-634F-4577-BF83-86838BE5CDCB}.Debug|Any CPU.Build.0 = Debug|Any CPU
		{630AC272-634F-4577-BF83-86838BE5CDCB}.Release|Any CPU.ActiveCfg = Release|Any CPU
		{630AC272-634F-4577-BF83-86838BE5CDCB}.Release|Any CPU.Build.0 = Release|Any CPU
		{2E260336-C8E1-44F7-ACEE-879D464B62C4}.Debug|Any CPU.ActiveCfg = Debug|Any CPU
		{2E260336-C8E1-44F7-ACEE-879D464B62C4}.Debug|Any CPU.Build.0 = Debug|Any CPU
		{2E260336-C8E1-44F7-ACEE-879D464B62C4}.Release|Any CPU.ActiveCfg = Release|Any CPU
		{2E260336-C8E1-44F7-ACEE-879D464B62C4}.Release|Any CPU.Build.0 = Release|Any CPU
		{30C5CB3C-EA72-4604-8E78-298BD962096A}.Debug|Any CPU.ActiveCfg = Debug|Any CPU
		{30C5CB3C-EA72-4604-8E78-298BD962096A}.Debug|Any CPU.Build.0 = Debug|Any CPU
		{30C5CB3C-EA72-4604-8E78-298BD962096A}.Release|Any CPU.ActiveCfg = Release|Any CPU
		{30C5CB3C-EA72-4604-8E78-298BD962096A}.Release|Any CPU.Build.0 = Release|Any CPU
	EndGlobalSection
	GlobalSection(SolutionProperties) = preSolution
		HideSolutionNode = FALSE
	EndGlobalSection
	GlobalSection(ExtensibilityGlobals) = postSolution
		SolutionGuid = {FFFFF95C-B4DF-41C3-A495-BEB1F399819D}
	EndGlobalSection
EndGlobal
